
Microsoft Visual Studio Solution File, Format Version 12.00
# Visual Studio 15
VisualStudioVersion = 15.0.28307.168
MinimumVisualStudioVersion = 10.0.40219.1
Project("{FAE04EC0-301F-11D3-BF4B-00C04F79EFBC}") = "DriveToGether", "DriveToGether\DriveToGether.csproj", "{C72BD1A7-8CDE-4287-8398-2C26B1B0D624}"
EndProject
Global
	GlobalSection(SolutionConfigurationPlatforms) = preSolution
		Debug|Any CPU = Debug|Any CPU
		Release|Any CPU = Release|Any CPU
	EndGlobalSection
	GlobalSection(ProjectConfigurationPlatforms) = postSolution
		{C72BD1A7-8CDE-4287-8398-2C26B1B0D624}.Debug|Any CPU.ActiveCfg = Debug|Any CPU
		{C72BD1A7-8CDE-4287-8398-2C26B1B0D624}.Debug|Any CPU.Build.0 = Debug|Any CPU
		{C72BD1A7-8CDE-4287-8398-2C26B1B0D624}.Release|Any CPU.ActiveCfg = Release|Any CPU
		{C72BD1A7-8CDE-4287-8398-2C26B1B0D624}.Release|Any CPU.Build.0 = Release|Any CPU
	EndGlobalSection
	GlobalSection(SolutionProperties) = preSolution
		HideSolutionNode = FALSE
	EndGlobalSection
	GlobalSection(ExtensibilityGlobals) = postSolution
		SolutionGuid = {6149A97A-73BA-4D1D-B4BE-AA0EBFD47B43}
	EndGlobalSection
EndGlobal
